// !$*UTF8*$!
{
	archiveVersion = 1;
	classes = {
	};
	objectVersion = 56;
	objects = {

/* Begin PBXBuildFile section */
		D5322560292FA9BB00B7355D /* AppDelegate.swift in Sources */ = {isa = PBXBuildFile; fileRef = D532255F292FA9BB00B7355D /* AppDelegate.swift */; };
		D5322562292FA9BB00B7355D /* SceneDelegate.swift in Sources */ = {isa = PBXBuildFile; fileRef = D5322561292FA9BB00B7355D /* SceneDelegate.swift */; };
		D5322564292FA9BB00B7355D /* ProposalsViewController.swift in Sources */ = {isa = PBXBuildFile; fileRef = D5322563292FA9BB00B7355D /* ProposalsViewController.swift */; };
		D5322569292FA9BC00B7355D /* Assets.xcassets in Resources */ = {isa = PBXBuildFile; fileRef = D5322568292FA9BC00B7355D /* Assets.xcassets */; };
		D532256C292FA9BC00B7355D /* LaunchScreen.storyboard in Resources */ = {isa = PBXBuildFile; fileRef = D532256A292FA9BC00B7355D /* LaunchScreen.storyboard */; };
		D5322574292FAB3E00B7355D /* TabBarViewController.swift in Sources */ = {isa = PBXBuildFile; fileRef = D5322573292FAB3E00B7355D /* TabBarViewController.swift */; };
		D5537929296BE45900871CA7 /* SwipeResult.swift in Sources */ = {isa = PBXBuildFile; fileRef = D5537928296BE45900871CA7 /* SwipeResult.swift */; };
		D555497A2938701B00A252BD /* Profil.swift in Sources */ = {isa = PBXBuildFile; fileRef = D55549792938701B00A252BD /* Profil.swift */; };
		D5647CF429333DC800287855 /* MessagesTableViewController.swift in Sources */ = {isa = PBXBuildFile; fileRef = D5647CF329333DC800287855 /* MessagesTableViewController.swift */; };
		D5647CF629333DDA00287855 /* ProfilViewController.swift in Sources */ = {isa = PBXBuildFile; fileRef = D5647CF529333DDA00287855 /* ProfilViewController.swift */; };
		D571BC972965924800D5DE2D /* MessageGridCollectionViewCell.swift in Sources */ = {isa = PBXBuildFile; fileRef = D571BC962965924800D5DE2D /* MessageGridCollectionViewCell.swift */; };
		D571BC992965BC8400D5DE2D /* ProfileInfoView.swift in Sources */ = {isa = PBXBuildFile; fileRef = D571BC982965BC8400D5DE2D /* ProfileInfoView.swift */; };
		D571BC9B2965D21200D5DE2D /* MessageListCollectionViewCell.swift in Sources */ = {isa = PBXBuildFile; fileRef = D571BC9A2965D21200D5DE2D /* MessageListCollectionViewCell.swift */; };
		D5727FC1296B245F0012FFF1 /* Swipeable.swift in Sources */ = {isa = PBXBuildFile; fileRef = D5727FC0296B245F0012FFF1 /* Swipeable.swift */; };
		D5F642C2293C8762009E4C86 /* UsersService.swift in Sources */ = {isa = PBXBuildFile; fileRef = D5F642C1293C8762009E4C86 /* UsersService.swift */; };
/* End PBXBuildFile section */

/* Begin PBXFileReference section */
		D532255C292FA9BB00B7355D /* tuider-programatically.app */ = {isa = PBXFileReference; explicitFileType = wrapper.application; includeInIndex = 0; path = "tuider-programatically.app"; sourceTree = BUILT_PRODUCTS_DIR; };
		D532255F292FA9BB00B7355D /* AppDelegate.swift */ = {isa = PBXFileReference; lastKnownFileType = sourcecode.swift; path = AppDelegate.swift; sourceTree = "<group>"; };
		D5322561292FA9BB00B7355D /* SceneDelegate.swift */ = {isa = PBXFileReference; lastKnownFileType = sourcecode.swift; path = SceneDelegate.swift; sourceTree = "<group>"; };
		D5322563292FA9BB00B7355D /* ProposalsViewController.swift */ = {isa = PBXFileReference; lastKnownFileType = sourcecode.swift; path = ProposalsViewController.swift; sourceTree = "<group>"; };
		D5322568292FA9BC00B7355D /* Assets.xcassets */ = {isa = PBXFileReference; lastKnownFileType = folder.assetcatalog; path = Assets.xcassets; sourceTree = "<group>"; };
		D532256B292FA9BC00B7355D /* Base */ = {isa = PBXFileReference; lastKnownFileType = file.storyboard; name = Base; path = Base.lproj/LaunchScreen.storyboard; sourceTree = "<group>"; };
		D532256D292FA9BC00B7355D /* Info.plist */ = {isa = PBXFileReference; lastKnownFileType = text.plist.xml; path = Info.plist; sourceTree = "<group>"; };
		D5322573292FAB3E00B7355D /* TabBarViewController.swift */ = {isa = PBXFileReference; lastKnownFileType = sourcecode.swift; path = TabBarViewController.swift; sourceTree = "<group>"; };
		D5537928296BE45900871CA7 /* SwipeResult.swift */ = {isa = PBXFileReference; lastKnownFileType = sourcecode.swift; path = SwipeResult.swift; sourceTree = "<group>"; };
		D55549792938701B00A252BD /* Profil.swift */ = {isa = PBXFileReference; lastKnownFileType = sourcecode.swift; path = Profil.swift; sourceTree = "<group>"; };
		D5647CF329333DC800287855 /* MessagesTableViewController.swift */ = {isa = PBXFileReference; lastKnownFileType = sourcecode.swift; path = MessagesTableViewController.swift; sourceTree = "<group>"; };
		D5647CF529333DDA00287855 /* ProfilViewController.swift */ = {isa = PBXFileReference; lastKnownFileType = sourcecode.swift; path = ProfilViewController.swift; sourceTree = "<group>"; };
		D571BC962965924800D5DE2D /* MessageGridCollectionViewCell.swift */ = {isa = PBXFileReference; lastKnownFileType = sourcecode.swift; path = MessageGridCollectionViewCell.swift; sourceTree = "<group>"; };
		D571BC982965BC8400D5DE2D /* ProfileInfoView.swift */ = {isa = PBXFileReference; lastKnownFileType = sourcecode.swift; path = ProfileInfoView.swift; sourceTree = "<group>"; };
		D571BC9A2965D21200D5DE2D /* MessageListCollectionViewCell.swift */ = {isa = PBXFileReference; lastKnownFileType = sourcecode.swift; path = MessageListCollectionViewCell.swift; sourceTree = "<group>"; };
		D5727FC0296B245F0012FFF1 /* Swipeable.swift */ = {isa = PBXFileReference; lastKnownFileType = sourcecode.swift; path = Swipeable.swift; sourceTree = "<group>"; };
		D5F642C1293C8762009E4C86 /* UsersService.swift */ = {isa = PBXFileReference; lastKnownFileType = sourcecode.swift; path = UsersService.swift; sourceTree = "<group>"; };
/* End PBXFileReference section */

/* Begin PBXFrameworksBuildPhase section */
		D5322559292FA9BB00B7355D /* Frameworks */ = {
			isa = PBXFrameworksBuildPhase;
			buildActionMask = 2147483647;
			files = (
			);
			runOnlyForDeploymentPostprocessing = 0;
		};
/* End PBXFrameworksBuildPhase section */

/* Begin PBXGroup section */
		D5322553292FA9BB00B7355D = {
			isa = PBXGroup;
			children = (
				D532255E292FA9BB00B7355D /* tuider-programatically */,
				D532255D292FA9BB00B7355D /* Products */,
			);
			sourceTree = "<group>";
		};
		D532255D292FA9BB00B7355D /* Products */ = {
			isa = PBXGroup;
			children = (
				D532255C292FA9BB00B7355D /* tuider-programatically.app */,
			);
			name = Products;
			sourceTree = "<group>";
		};
		D532255E292FA9BB00B7355D /* tuider-programatically */ = {
			isa = PBXGroup;
			children = (
				D5F642C0293C8145009E4C86 /* services */,
				D55549782938700700A252BD /* model */,
				D532256D292FA9BC00B7355D /* Info.plist */,
				D5647CF729333DEB00287855 /* ressources */,
				D5647CF229333DAB00287855 /* profil */,
				D5647CF129333D8600287855 /* messages */,
				D5647CF029333D7F00287855 /* proposals */,
				D5647CEF29333D4D00287855 /* tabbar */,
				D5647CEE29333D3300287855 /* application */,
			);
			path = "tuider-programatically";
			sourceTree = "<group>";
		};
		D5554975293867D300A252BD /* cells */ = {
			isa = PBXGroup;
			children = (
				D571BC962965924800D5DE2D /* MessageGridCollectionViewCell.swift */,
				D571BC9A2965D21200D5DE2D /* MessageListCollectionViewCell.swift */,
			);
			path = cells;
			sourceTree = "<group>";
		};
		D55549782938700700A252BD /* model */ = {
			isa = PBXGroup;
			children = (
				D55549792938701B00A252BD /* Profil.swift */,
				D5537928296BE45900871CA7 /* SwipeResult.swift */,
			);
			path = model;
			sourceTree = "<group>";
		};
		D5647CEE29333D3300287855 /* application */ = {
			isa = PBXGroup;
			children = (
				D532255F292FA9BB00B7355D /* AppDelegate.swift */,
				D5322561292FA9BB00B7355D /* SceneDelegate.swift */,
			);
			path = application;
			sourceTree = "<group>";
		};
		D5647CEF29333D4D00287855 /* tabbar */ = {
			isa = PBXGroup;
			children = (
				D5322573292FAB3E00B7355D /* TabBarViewController.swift */,
			);
			path = tabbar;
			sourceTree = "<group>";
		};
		D5647CF029333D7F00287855 /* proposals */ = {
			isa = PBXGroup;
			children = (
				D5322563292FA9BB00B7355D /* ProposalsViewController.swift */,
				D5727FC0296B245F0012FFF1 /* Swipeable.swift */,
			);
			path = proposals;
			sourceTree = "<group>";
		};
		D5647CF129333D8600287855 /* messages */ = {
			isa = PBXGroup;
			children = (
				D5554975293867D300A252BD /* cells */,
				D5647CF329333DC800287855 /* MessagesTableViewController.swift */,
				D571BC982965BC8400D5DE2D /* ProfileInfoView.swift */,
			);
			path = messages;
			sourceTree = "<group>";
		};
		D5647CF229333DAB00287855 /* profil */ = {
			isa = PBXGroup;
			children = (
				D5647CF529333DDA00287855 /* ProfilViewController.swift */,
			);
			path = profil;
			sourceTree = "<group>";
		};
		D5647CF729333DEB00287855 /* ressources */ = {
			isa = PBXGroup;
			children = (
				D5322568292FA9BC00B7355D /* Assets.xcassets */,
				D532256A292FA9BC00B7355D /* LaunchScreen.storyboard */,
			);
			path = ressources;
			sourceTree = "<group>";
		};
		D5F642C0293C8145009E4C86 /* services */ = {
			isa = PBXGroup;
			children = (
				D5F642C1293C8762009E4C86 /* UsersService.swift */,
			);
			path = services;
			sourceTree = "<group>";
		};
/* End PBXGroup section */

/* Begin PBXNativeTarget section */
		D532255B292FA9BB00B7355D /* tuider-programatically */ = {
			isa = PBXNativeTarget;
			buildConfigurationList = D5322570292FA9BC00B7355D /* Build configuration list for PBXNativeTarget "tuider-programatically" */;
			buildPhases = (
				D5F642BF293C7C72009E4C86 /* ShellScript */,
				D5322558292FA9BB00B7355D /* Sources */,
				D5322559292FA9BB00B7355D /* Frameworks */,
				D532255A292FA9BB00B7355D /* Resources */,
			);
			buildRules = (
			);
			dependencies = (
			);
			name = "tuider-programatically";
			productName = "tuider-programatically";
			productReference = D532255C292FA9BB00B7355D /* tuider-programatically.app */;
			productType = "com.apple.product-type.application";
		};
/* End PBXNativeTarget section */

/* Begin PBXProject section */
		D5322554292FA9BB00B7355D /* Project object */ = {
			isa = PBXProject;
			attributes = {
				BuildIndependentTargetsInParallel = 1;
				LastSwiftUpdateCheck = 1410;
				LastUpgradeCheck = 1410;
				TargetAttributes = {
					D532255B292FA9BB00B7355D = {
						CreatedOnToolsVersion = 14.1;
					};
				};
			};
			buildConfigurationList = D5322557292FA9BB00B7355D /* Build configuration list for PBXProject "tuider-programatically" */;
			compatibilityVersion = "Xcode 14.0";
			developmentRegion = en;
			hasScannedForEncodings = 0;
			knownRegions = (
				en,
				Base,
			);
			mainGroup = D5322553292FA9BB00B7355D;
			productRefGroup = D532255D292FA9BB00B7355D /* Products */;
			projectDirPath = "";
			projectRoot = "";
			targets = (
				D532255B292FA9BB00B7355D /* tuider-programatically */,
			);
		};
/* End PBXProject section */

/* Begin PBXResourcesBuildPhase section */
		D532255A292FA9BB00B7355D /* Resources */ = {
			isa = PBXResourcesBuildPhase;
			buildActionMask = 2147483647;
			files = (
				D532256C292FA9BC00B7355D /* LaunchScreen.storyboard in Resources */,
				D5322569292FA9BC00B7355D /* Assets.xcassets in Resources */,
			);
			runOnlyForDeploymentPostprocessing = 0;
		};
/* End PBXResourcesBuildPhase section */

/* Begin PBXShellScriptBuildPhase section */
		D5F642BF293C7C72009E4C86 /* ShellScript */ = {
			isa = PBXShellScriptBuildPhase;
			buildActionMask = 2147483647;
			files = (
			);
			inputFileListPaths = (
			);
			inputPaths = (
			);
			outputFileListPaths = (
			);
			outputPaths = (
			);
			runOnlyForDeploymentPostprocessing = 0;
			shellPath = /bin/sh;
			shellScript = "export PATH=\"$PATH:/opt/homebrew/bin\"\nif which swiftlint > /dev/null; then\n  swiftlint\nelse\n  echo \"warning: SwiftLint not installed, download from https://github.com/realm/SwiftLint\"\nfi\n\n";
		};
/* End PBXShellScriptBuildPhase section */

/* Begin PBXSourcesBuildPhase section */
		D5322558292FA9BB00B7355D /* Sources */ = {
			isa = PBXSourcesBuildPhase;
			buildActionMask = 2147483647;
			files = (
				D5F642C2293C8762009E4C86 /* UsersService.swift in Sources */,
				D5647CF629333DDA00287855 /* ProfilViewController.swift in Sources */,
				D5537929296BE45900871CA7 /* SwipeResult.swift in Sources */,
				D571BC992965BC8400D5DE2D /* ProfileInfoView.swift in Sources */,
				D5647CF429333DC800287855 /* MessagesTableViewController.swift in Sources */,
				D5322574292FAB3E00B7355D /* TabBarViewController.swift in Sources */,
				D5727FC1296B245F0012FFF1 /* Swipeable.swift in Sources */,
				D571BC9B2965D21200D5DE2D /* MessageListCollectionViewCell.swift in Sources */,
				D555497A2938701B00A252BD /* Profil.swift in Sources */,
				D5322564292FA9BB00B7355D /* ProposalsViewController.swift in Sources */,
				D5322560292FA9BB00B7355D /* AppDelegate.swift in Sources */,
				D571BC972965924800D5DE2D /* MessageGridCollectionViewCell.swift in Sources */,
				D5322562292FA9BB00B7355D /* SceneDelegate.swift in Sources */,
			);
			runOnlyForDeploymentPostprocessing = 0;
		};
/* End PBXSourcesBuildPhase section */

/* Begin PBXVariantGroup section */
		D532256A292FA9BC00B7355D /* LaunchScreen.storyboard */ = {
			isa = PBXVariantGroup;
			children = (
				D532256B292FA9BC00B7355D /* Base */,
			);
			name = LaunchScreen.storyboard;
			sourceTree = "<group>";
		};
/* End PBXVariantGroup section */

/* Begin XCBuildConfiguration section */
		D532256E292FA9BC00B7355D /* Debug */ = {
			isa = XCBuildConfiguration;
			buildSettings = {
				ALWAYS_SEARCH_USER_PATHS = NO;
				CLANG_ANALYZER_NONNULL = YES;
				CLANG_ANALYZER_NUMBER_OBJECT_CONVERSION = YES_AGGRESSIVE;
				CLANG_CXX_LANGUAGE_STANDARD = "gnu++20";
				CLANG_ENABLE_MODULES = YES;
				CLANG_ENABLE_OBJC_ARC = YES;
				CLANG_ENABLE_OBJC_WEAK = YES;
				CLANG_WARN_BLOCK_CAPTURE_AUTORELEASING = YES;
				CLANG_WARN_BOOL_CONVERSION = YES;
				CLANG_WARN_COMMA = YES;
				CLANG_WARN_CONSTANT_CONVERSION = YES;
				CLANG_WARN_DEPRECATED_OBJC_IMPLEMENTATIONS = YES;
				CLANG_WARN_DIRECT_OBJC_ISA_USAGE = YES_ERROR;
				CLANG_WARN_DOCUMENTATION_COMMENTS = YES;
				CLANG_WARN_EMPTY_BODY = YES;
				CLANG_WARN_ENUM_CONVERSION = YES;
				CLANG_WARN_INFINITE_RECURSION = YES;
				CLANG_WARN_INT_CONVERSION = YES;
				CLANG_WARN_NON_LITERAL_NULL_CONVERSION = YES;
				CLANG_WARN_OBJC_IMPLICIT_RETAIN_SELF = YES;
				CLANG_WARN_OBJC_LITERAL_CONVERSION = YES;
				CLANG_WARN_OBJC_ROOT_CLASS = YES_ERROR;
				CLANG_WARN_QUOTED_INCLUDE_IN_FRAMEWORK_HEADER = YES;
				CLANG_WARN_RANGE_LOOP_ANALYSIS = YES;
				CLANG_WARN_STRICT_PROTOTYPES = YES;
				CLANG_WARN_SUSPICIOUS_MOVE = YES;
				CLANG_WARN_UNGUARDED_AVAILABILITY = YES_AGGRESSIVE;
				CLANG_WARN_UNREACHABLE_CODE = YES;
				CLANG_WARN__DUPLICATE_METHOD_MATCH = YES;
				COPY_PHASE_STRIP = NO;
				DEBUG_INFORMATION_FORMAT = dwarf;
				ENABLE_STRICT_OBJC_MSGSEND = YES;
				ENABLE_TESTABILITY = YES;
				GCC_C_LANGUAGE_STANDARD = gnu11;
				GCC_DYNAMIC_NO_PIC = NO;
				GCC_NO_COMMON_BLOCKS = YES;
				GCC_OPTIMIZATION_LEVEL = 0;
				GCC_PREPROCESSOR_DEFINITIONS = (
					"DEBUG=1",
					"$(inherited)",
				);
				GCC_WARN_64_TO_32_BIT_CONVERSION = YES;
				GCC_WARN_ABOUT_RETURN_TYPE = YES_ERROR;
				GCC_WARN_UNDECLARED_SELECTOR = YES;
				GCC_WARN_UNINITIALIZED_AUTOS = YES_AGGRESSIVE;
				GCC_WARN_UNUSED_FUNCTION = YES;
				GCC_WARN_UNUSED_VARIABLE = YES;
				IPHONEOS_DEPLOYMENT_TARGET = 15.0;
				MTL_ENABLE_DEBUG_INFO = INCLUDE_SOURCE;
				MTL_FAST_MATH = YES;
				ONLY_ACTIVE_ARCH = YES;
				SDKROOT = iphoneos;
				SWIFT_ACTIVE_COMPILATION_CONDITIONS = DEBUG;
				SWIFT_OPTIMIZATION_LEVEL = "-Onone";
			};
			name = Debug;
		};
		D532256F292FA9BC00B7355D /* Release */ = {
			isa = XCBuildConfiguration;
			buildSettings = {
				ALWAYS_SEARCH_USER_PATHS = NO;
				CLANG_ANALYZER_NONNULL = YES;
				CLANG_ANALYZER_NUMBER_OBJECT_CONVERSION = YES_AGGRESSIVE;
				CLANG_CXX_LANGUAGE_STANDARD = "gnu++20";
				CLANG_ENABLE_MODULES = YES;
				CLANG_ENABLE_OBJC_ARC = YES;
				CLANG_ENABLE_OBJC_WEAK = YES;
				CLANG_WARN_BLOCK_CAPTURE_AUTORELEASING = YES;
				CLANG_WARN_BOOL_CONVERSION = YES;
				CLANG_WARN_COMMA = YES;
				CLANG_WARN_CONSTANT_CONVERSION = YES;
				CLANG_WARN_DEPRECATED_OBJC_IMPLEMENTATIONS = YES;
				CLANG_WARN_DIRECT_OBJC_ISA_USAGE = YES_ERROR;
				CLANG_WARN_DOCUMENTATION_COMMENTS = YES;
				CLANG_WARN_EMPTY_BODY = YES;
				CLANG_WARN_ENUM_CONVERSION = YES;
				CLANG_WARN_INFINITE_RECURSION = YES;
				CLANG_WARN_INT_CONVERSION = YES;
				CLANG_WARN_NON_LITERAL_NULL_CONVERSION = YES;
				CLANG_WARN_OBJC_IMPLICIT_RETAIN_SELF = YES;
				CLANG_WARN_OBJC_LITERAL_CONVERSION = YES;
				CLANG_WARN_OBJC_ROOT_CLASS = YES_ERROR;
				CLANG_WARN_QUOTED_INCLUDE_IN_FRAMEWORK_HEADER = YES;
				CLANG_WARN_RANGE_LOOP_ANALYSIS = YES;
				CLANG_WARN_STRICT_PROTOTYPES = YES;
				CLANG_WARN_SUSPICIOUS_MOVE = YES;
				CLANG_WARN_UNGUARDED_AVAILABILITY = YES_AGGRESSIVE;
				CLANG_WARN_UNREACHABLE_CODE = YES;
				CLANG_WARN__DUPLICATE_METHOD_MATCH = YES;
				COPY_PHASE_STRIP = NO;
				DEBUG_INFORMATION_FORMAT = "dwarf-with-dsym";
				ENABLE_NS_ASSERTIONS = NO;
				ENABLE_STRICT_OBJC_MSGSEND = YES;
				GCC_C_LANGUAGE_STANDARD = gnu11;
				GCC_NO_COMMON_BLOCKS = YES;
				GCC_WARN_64_TO_32_BIT_CONVERSION = YES;
				GCC_WARN_ABOUT_RETURN_TYPE = YES_ERROR;
				GCC_WARN_UNDECLARED_SELECTOR = YES;
				GCC_WARN_UNINITIALIZED_AUTOS = YES_AGGRESSIVE;
				GCC_WARN_UNUSED_FUNCTION = YES;
				GCC_WARN_UNUSED_VARIABLE = YES;
				IPHONEOS_DEPLOYMENT_TARGET = 15.0;
				MTL_ENABLE_DEBUG_INFO = NO;
				MTL_FAST_MATH = YES;
				SDKROOT = iphoneos;
				SWIFT_COMPILATION_MODE = wholemodule;
				SWIFT_OPTIMIZATION_LEVEL = "-O";
				VALIDATE_PRODUCT = YES;
			};
			name = Release;
		};
		D5322571292FA9BC00B7355D /* Debug */ = {
			isa = XCBuildConfiguration;
			buildSettings = {
				ASSETCATALOG_COMPILER_APPICON_NAME = AppIcon;
				ASSETCATALOG_COMPILER_GLOBAL_ACCENT_COLOR_NAME = AccentColor;
				CODE_SIGN_STYLE = Automatic;
				CURRENT_PROJECT_VERSION = 1;
				DEVELOPMENT_TEAM = W5GL4YVL8D;
				GENERATE_INFOPLIST_FILE = YES;
				INFOPLIST_FILE = "tuider-programatically/Info.plist";
				INFOPLIST_KEY_UIApplicationSupportsIndirectInputEvents = YES;
				INFOPLIST_KEY_UILaunchStoryboardName = LaunchScreen;
				INFOPLIST_KEY_UISupportedInterfaceOrientations = UIInterfaceOrientationPortrait;
				LD_RUNPATH_SEARCH_PATHS = (
					"$(inherited)",
					"@executable_path/Frameworks",
				);
				MARKETING_VERSION = 1.0;
				PRODUCT_BUNDLE_IDENTIFIER = "com-gatien-dev.tuider-programatically";
				PRODUCT_NAME = "$(TARGET_NAME)";
				SUPPORTED_PLATFORMS = "iphoneos iphonesimulator";
				SUPPORTS_MACCATALYST = NO;
				SUPPORTS_MAC_DESIGNED_FOR_IPHONE_IPAD = NO;
				SWIFT_EMIT_LOC_STRINGS = YES;
				SWIFT_VERSION = 5.0;
				TARGETED_DEVICE_FAMILY = "1,2";
			};
			name = Debug;
		};
		D5322572292FA9BC00B7355D /* Release */ = {
			isa = XCBuildConfiguration;
			buildSettings = {
				ASSETCATALOG_COMPILER_APPICON_NAME = AppIcon;
				ASSETCATALOG_COMPILER_GLOBAL_ACCENT_COLOR_NAME = AccentColor;
				CODE_SIGN_STYLE = Automatic;
				CURRENT_PROJECT_VERSION = 1;
				DEVELOPMENT_TEAM = W5GL4YVL8D;
				GENERATE_INFOPLIST_FILE = YES;
				INFOPLIST_FILE = "tuider-programatically/Info.plist";
				INFOPLIST_KEY_UIApplicationSupportsIndirectInputEvents = YES;
				INFOPLIST_KEY_UILaunchStoryboardName = LaunchScreen;
				INFOPLIST_KEY_UISupportedInterfaceOrientations = UIInterfaceOrientationPortrait;
				LD_RUNPATH_SEARCH_PATHS = (
					"$(inherited)",
					"@executable_path/Frameworks",
				);
				MARKETING_VERSION = 1.0;
				PRODUCT_BUNDLE_IDENTIFIER = "com-gatien-dev.tuider-programatically";
				PRODUCT_NAME = "$(TARGET_NAME)";
				SUPPORTED_PLATFORMS = "iphoneos iphonesimulator";
				SUPPORTS_MACCATALYST = NO;
				SUPPORTS_MAC_DESIGNED_FOR_IPHONE_IPAD = NO;
				SWIFT_EMIT_LOC_STRINGS = YES;
				SWIFT_VERSION = 5.0;
				TARGETED_DEVICE_FAMILY = "1,2";
			};
			name = Release;
		};
/* End XCBuildConfiguration section */

/* Begin XCConfigurationList section */
		D5322557292FA9BB00B7355D /* Build configuration list for PBXProject "tuider-programatically" */ = {
			isa = XCConfigurationList;
			buildConfigurations = (
				D532256E292FA9BC00B7355D /* Debug */,
				D532256F292FA9BC00B7355D /* Release */,
			);
			defaultConfigurationIsVisible = 0;
			defaultConfigurationName = Release;
		};
		D5322570292FA9BC00B7355D /* Build configuration list for PBXNativeTarget "tuider-programatically" */ = {
			isa = XCConfigurationList;
			buildConfigurations = (
				D5322571292FA9BC00B7355D /* Debug */,
				D5322572292FA9BC00B7355D /* Release */,
			);
			defaultConfigurationIsVisible = 0;
			defaultConfigurationName = Release;
		};
/* End XCConfigurationList section */
	};
	rootObject = D5322554292FA9BB00B7355D /* Project object */;
}
